// !$*UTF8*$!
{
	archiveVersion = 1;
	classes = {
	};
	objectVersion = 46;
	objects = {

/* Begin PBXBuildFile section */
		2BE0E16E19BB9E9B00CC89E9 /* Foundation.framework in Frameworks */ = {isa = PBXBuildFile; fileRef = 2BE0E16D19BB9E9B00CC89E9 /* Foundation.framework */; };
		2BE0E17019BB9E9B00CC89E9 /* CoreGraphics.framework in Frameworks */ = {isa = PBXBuildFile; fileRef = 2BE0E16F19BB9E9B00CC89E9 /* CoreGraphics.framework */; };
		2BE0E17219BB9E9B00CC89E9 /* UIKit.framework in Frameworks */ = {isa = PBXBuildFile; fileRef = 2BE0E17119BB9E9B00CC89E9 /* UIKit.framework */; };
		2BE0E17819BB9E9B00CC89E9 /* InfoPlist.strings in Resources */ = {isa = PBXBuildFile; fileRef = 2BE0E17619BB9E9B00CC89E9 /* InfoPlist.strings */; };
		2BE0E17A19BB9E9B00CC89E9 /* main.m in Sources */ = {isa = PBXBuildFile; fileRef = 2BE0E17919BB9E9B00CC89E9 /* main.m */; };
		2BE0E17E19BB9E9B00CC89E9 /* AppDelegate.m in Sources */ = {isa = PBXBuildFile; fileRef = 2BE0E17D19BB9E9B00CC89E9 /* AppDelegate.m */; };
		2BE0E18119BB9E9B00CC89E9 /* Main_iPhone.storyboard in Resources */ = {isa = PBXBuildFile; fileRef = 2BE0E17F19BB9E9B00CC89E9 /* Main_iPhone.storyboard */; };
		2BE0E18419BB9E9B00CC89E9 /* Main_iPad.storyboard in Resources */ = {isa = PBXBuildFile; fileRef = 2BE0E18219BB9E9B00CC89E9 /* Main_iPad.storyboard */; };
		2BE0E18719BB9E9B00CC89E9 /* ViewController.m in Sources */ = {isa = PBXBuildFile; fileRef = 2BE0E18619BB9E9B00CC89E9 /* ViewController.m */; };
		2BE0E18919BB9E9B00CC89E9 /* Images.xcassets in Resources */ = {isa = PBXBuildFile; fileRef = 2BE0E18819BB9E9B00CC89E9 /* Images.xcassets */; };
		2BE0E19019BB9E9B00CC89E9 /* XCTest.framework in Frameworks */ = {isa = PBXBuildFile; fileRef = 2BE0E18F19BB9E9B00CC89E9 /* XCTest.framework */; };
		2BE0E19119BB9E9B00CC89E9 /* Foundation.framework in Frameworks */ = {isa = PBXBuildFile; fileRef = 2BE0E16D19BB9E9B00CC89E9 /* Foundation.framework */; };
		2BE0E19219BB9E9B00CC89E9 /* UIKit.framework in Frameworks */ = {isa = PBXBuildFile; fileRef = 2BE0E17119BB9E9B00CC89E9 /* UIKit.framework */; };
		2BE0E19A19BB9E9B00CC89E9 /* InfoPlist.strings in Resources */ = {isa = PBXBuildFile; fileRef = 2BE0E19819BB9E9B00CC89E9 /* InfoPlist.strings */; };
		2BE0E19C19BB9E9B00CC89E9 /* SpellthrowersTests.m in Sources */ = {isa = PBXBuildFile; fileRef = 2BE0E19B19BB9E9B00CC89E9 /* SpellthrowersTests.m */; };
/* End PBXBuildFile section */

/* Begin PBXContainerItemProxy section */
		2BE0E19319BB9E9B00CC89E9 /* PBXContainerItemProxy */ = {
			isa = PBXContainerItemProxy;
			containerPortal = 2BE0E16219BB9E9B00CC89E9 /* Project object */;
			proxyType = 1;
			remoteGlobalIDString = 2BE0E16919BB9E9B00CC89E9;
			remoteInfo = Spellthrowers;
		};
/* End PBXContainerItemProxy section */

/* Begin PBXFileReference section */
		2BE0E16A19BB9E9B00CC89E9 /* Spellthrowers.app */ = {isa = PBXFileReference; explicitFileType = wrapper.application; includeInIndex = 0; path = Spellthrowers.app; sourceTree = BUILT_PRODUCTS_DIR; };
		2BE0E16D19BB9E9B00CC89E9 /* Foundation.framework */ = {isa = PBXFileReference; lastKnownFileType = wrapper.framework; name = Foundation.framework; path = System/Library/Frameworks/Foundation.framework; sourceTree = SDKROOT; };
		2BE0E16F19BB9E9B00CC89E9 /* CoreGraphics.framework */ = {isa = PBXFileReference; lastKnownFileType = wrapper.framework; name = CoreGraphics.framework; path = System/Library/Frameworks/CoreGraphics.framework; sourceTree = SDKROOT; };
		2BE0E17119BB9E9B00CC89E9 /* UIKit.framework */ = {isa = PBXFileReference; lastKnownFileType = wrapper.framework; name = UIKit.framework; path = System/Library/Frameworks/UIKit.framework; sourceTree = SDKROOT; };
		2BE0E17519BB9E9B00CC89E9 /* Spellthrowers-Info.plist */ = {isa = PBXFileReference; lastKnownFileType = text.plist.xml; path = "Spellthrowers-Info.plist"; sourceTree = "<group>"; };
		2BE0E17719BB9E9B00CC89E9 /* en */ = {isa = PBXFileReference; lastKnownFileType = text.plist.strings; name = en; path = en.lproj/InfoPlist.strings; sourceTree = "<group>"; };
		2BE0E17919BB9E9B00CC89E9 /* main.m */ = {isa = PBXFileReference; lastKnownFileType = sourcecode.c.objc; path = main.m; sourceTree = "<group>"; };
		2BE0E17B19BB9E9B00CC89E9 /* Spellthrowers-Prefix.pch */ = {isa = PBXFileReference; lastKnownFileType = sourcecode.c.h; path = "Spellthrowers-Prefix.pch"; sourceTree = "<group>"; };
		2BE0E17C19BB9E9B00CC89E9 /* AppDelegate.h */ = {isa = PBXFileReference; lastKnownFileType = sourcecode.c.h; path = AppDelegate.h; sourceTree = "<group>"; };
		2BE0E17D19BB9E9B00CC89E9 /* AppDelegate.m */ = {isa = PBXFileReference; lastKnownFileType = sourcecode.c.objc; path = AppDelegate.m; sourceTree = "<group>"; };
		2BE0E18019BB9E9B00CC89E9 /* Base */ = {isa = PBXFileReference; lastKnownFileType = file.storyboard; name = Base; path = Base.lproj/Main_iPhone.storyboard; sourceTree = "<group>"; };
		2BE0E18319BB9E9B00CC89E9 /* Base */ = {isa = PBXFileReference; lastKnownFileType = file.storyboard; name = Base; path = Base.lproj/Main_iPad.storyboard; sourceTree = "<group>"; };
		2BE0E18519BB9E9B00CC89E9 /* ViewController.h */ = {isa = PBXFileReference; lastKnownFileType = sourcecode.c.h; path = ViewController.h; sourceTree = "<group>"; };
		2BE0E18619BB9E9B00CC89E9 /* ViewController.m */ = {isa = PBXFileReference; lastKnownFileType = sourcecode.c.objc; path = ViewController.m; sourceTree = "<group>"; };
		2BE0E18819BB9E9B00CC89E9 /* Images.xcassets */ = {isa = PBXFileReference; lastKnownFileType = folder.assetcatalog; path = Images.xcassets; sourceTree = "<group>"; };
		2BE0E18E19BB9E9B00CC89E9 /* SpellthrowersTests.xctest */ = {isa = PBXFileReference; explicitFileType = wrapper.cfbundle; includeInIndex = 0; path = SpellthrowersTests.xctest; sourceTree = BUILT_PRODUCTS_DIR; };
		2BE0E18F19BB9E9B00CC89E9 /* XCTest.framework */ = {isa = PBXFileReference; lastKnownFileType = wrapper.framework; name = XCTest.framework; path = Library/Frameworks/XCTest.framework; sourceTree = DEVELOPER_DIR; };
		2BE0E19719BB9E9B00CC89E9 /* SpellthrowersTests-Info.plist */ = {isa = PBXFileReference; lastKnownFileType = text.plist.xml; path = "SpellthrowersTests-Info.plist"; sourceTree = "<group>"; };
		2BE0E19919BB9E9B00CC89E9 /* en */ = {isa = PBXFileReference; lastKnownFileType = text.plist.strings; name = en; path = en.lproj/InfoPlist.strings; sourceTree = "<group>"; };
		2BE0E19B19BB9E9B00CC89E9 /* SpellthrowersTests.m */ = {isa = PBXFileReference; lastKnownFileType = sourcecode.c.objc; path = SpellthrowersTests.m; sourceTree = "<group>"; };
/* End PBXFileReference section */

/* Begin PBXFrameworksBuildPhase section */
		2BE0E16719BB9E9B00CC89E9 /* Frameworks */ = {
			isa = PBXFrameworksBuildPhase;
			buildActionMask = 2147483647;
			files = (
				2BE0E17019BB9E9B00CC89E9 /* CoreGraphics.framework in Frameworks */,
				2BE0E17219BB9E9B00CC89E9 /* UIKit.framework in Frameworks */,
				2BE0E16E19BB9E9B00CC89E9 /* Foundation.framework in Frameworks */,
			);
			runOnlyForDeploymentPostprocessing = 0;
		};
		2BE0E18B19BB9E9B00CC89E9 /* Frameworks */ = {
			isa = PBXFrameworksBuildPhase;
			buildActionMask = 2147483647;
			files = (
				2BE0E19019BB9E9B00CC89E9 /* XCTest.framework in Frameworks */,
				2BE0E19219BB9E9B00CC89E9 /* UIKit.framework in Frameworks */,
				2BE0E19119BB9E9B00CC89E9 /* Foundation.framework in Frameworks */,
			);
			runOnlyForDeploymentPostprocessing = 0;
		};
/* End PBXFrameworksBuildPhase section */

/* Begin PBXGroup section */
		2BE0E16119BB9E9B00CC89E9 = {
			isa = PBXGroup;
			children = (
				2BE0E17319BB9E9B00CC89E9 /* Spellthrowers */,
				2BE0E19519BB9E9B00CC89E9 /* SpellthrowersTests */,
				2BE0E16C19BB9E9B00CC89E9 /* Frameworks */,
				2BE0E16B19BB9E9B00CC89E9 /* Products */,
			);
			sourceTree = "<group>";
		};
		2BE0E16B19BB9E9B00CC89E9 /* Products */ = {
			isa = PBXGroup;
			children = (
				2BE0E16A19BB9E9B00CC89E9 /* Spellthrowers.app */,
				2BE0E18E19BB9E9B00CC89E9 /* SpellthrowersTests.xctest */,
			);
			name = Products;
			sourceTree = "<group>";
		};
		2BE0E16C19BB9E9B00CC89E9 /* Frameworks */ = {
			isa = PBXGroup;
			children = (
				2BE0E16D19BB9E9B00CC89E9 /* Foundation.framework */,
				2BE0E16F19BB9E9B00CC89E9 /* CoreGraphics.framework */,
				2BE0E17119BB9E9B00CC89E9 /* UIKit.framework */,
				2BE0E18F19BB9E9B00CC89E9 /* XCTest.framework */,
			);
			name = Frameworks;
			sourceTree = "<group>";
		};
		2BE0E17319BB9E9B00CC89E9 /* Spellthrowers */ = {
			isa = PBXGroup;
			children = (
				2BE0E17C19BB9E9B00CC89E9 /* AppDelegate.h */,
				2BE0E17D19BB9E9B00CC89E9 /* AppDelegate.m */,
				2BE0E17F19BB9E9B00CC89E9 /* Main_iPhone.storyboard */,
				2BE0E18219BB9E9B00CC89E9 /* Main_iPad.storyboard */,
				2BE0E18519BB9E9B00CC89E9 /* ViewController.h */,
				2BE0E18619BB9E9B00CC89E9 /* ViewController.m */,
				2BE0E18819BB9E9B00CC89E9 /* Images.xcassets */,
				2BE0E17419BB9E9B00CC89E9 /* Supporting Files */,
			);
			path = Spellthrowers;
			sourceTree = "<group>";
		};
		2BE0E17419BB9E9B00CC89E9 /* Supporting Files */ = {
			isa = PBXGroup;
			children = (
				2BE0E17519BB9E9B00CC89E9 /* Spellthrowers-Info.plist */,
				2BE0E17619BB9E9B00CC89E9 /* InfoPlist.strings */,
				2BE0E17919BB9E9B00CC89E9 /* main.m */,
				2BE0E17B19BB9E9B00CC89E9 /* Spellthrowers-Prefix.pch */,
			);
			name = "Supporting Files";
			sourceTree = "<group>";
		};
		2BE0E19519BB9E9B00CC89E9 /* SpellthrowersTests */ = {
			isa = PBXGroup;
			children = (
				2BE0E19B19BB9E9B00CC89E9 /* SpellthrowersTests.m */,
				2BE0E19619BB9E9B00CC89E9 /* Supporting Files */,
			);
			path = SpellthrowersTests;
			sourceTree = "<group>";
		};
		2BE0E19619BB9E9B00CC89E9 /* Supporting Files */ = {
			isa = PBXGroup;
			children = (
				2BE0E19719BB9E9B00CC89E9 /* SpellthrowersTests-Info.plist */,
				2BE0E19819BB9E9B00CC89E9 /* InfoPlist.strings */,
			);
			name = "Supporting Files";
			sourceTree = "<group>";
		};
/* End PBXGroup section */

/* Begin PBXNativeTarget section */
		2BE0E16919BB9E9B00CC89E9 /* Spellthrowers */ = {
			isa = PBXNativeTarget;
			buildConfigurationList = 2BE0E19F19BB9E9B00CC89E9 /* Build configuration list for PBXNativeTarget "Spellthrowers" */;
			buildPhases = (
				2BE0E16619BB9E9B00CC89E9 /* Sources */,
				2BE0E16719BB9E9B00CC89E9 /* Frameworks */,
				2BE0E16819BB9E9B00CC89E9 /* Resources */,
			);
			buildRules = (
			);
			dependencies = (
			);
			name = Spellthrowers;
			productName = Spellthrowers;
			productReference = 2BE0E16A19BB9E9B00CC89E9 /* Spellthrowers.app */;
			productType = "com.apple.product-type.application";
		};
		2BE0E18D19BB9E9B00CC89E9 /* SpellthrowersTests */ = {
			isa = PBXNativeTarget;
			buildConfigurationList = 2BE0E1A219BB9E9B00CC89E9 /* Build configuration list for PBXNativeTarget "SpellthrowersTests" */;
			buildPhases = (
				2BE0E18A19BB9E9B00CC89E9 /* Sources */,
				2BE0E18B19BB9E9B00CC89E9 /* Frameworks */,
				2BE0E18C19BB9E9B00CC89E9 /* Resources */,
			);
			buildRules = (
			);
			dependencies = (
				2BE0E19419BB9E9B00CC89E9 /* PBXTargetDependency */,
			);
			name = SpellthrowersTests;
			productName = SpellthrowersTests;
			productReference = 2BE0E18E19BB9E9B00CC89E9 /* SpellthrowersTests.xctest */;
			productType = "com.apple.product-type.bundle.unit-test";
		};
/* End PBXNativeTarget section */

/* Begin PBXProject section */
		2BE0E16219BB9E9B00CC89E9 /* Project object */ = {
			isa = PBXProject;
			attributes = {
				LastUpgradeCheck = 0510;
				ORGANIZATIONNAME = Spellthrowers;
				TargetAttributes = {
					2BE0E18D19BB9E9B00CC89E9 = {
						TestTargetID = 2BE0E16919BB9E9B00CC89E9;
					};
				};
			};
			buildConfigurationList = 2BE0E16519BB9E9B00CC89E9 /* Build configuration list for PBXProject "Spellthrowers" */;
			compatibilityVersion = "Xcode 3.2";
			developmentRegion = English;
			hasScannedForEncodings = 0;
			knownRegions = (
				en,
				Base,
			);
			mainGroup = 2BE0E16119BB9E9B00CC89E9;
			productRefGroup = 2BE0E16B19BB9E9B00CC89E9 /* Products */;
			projectDirPath = "";
			projectRoot = "";
			targets = (
				2BE0E16919BB9E9B00CC89E9 /* Spellthrowers */,
				2BE0E18D19BB9E9B00CC89E9 /* SpellthrowersTests */,
			);
		};
/* End PBXProject section */

/* Begin PBXResourcesBuildPhase section */
		2BE0E16819BB9E9B00CC89E9 /* Resources */ = {
			isa = PBXResourcesBuildPhase;
			buildActionMask = 2147483647;
			files = (
				2BE0E18419BB9E9B00CC89E9 /* Main_iPad.storyboard in Resources */,
				2BE0E18919BB9E9B00CC89E9 /* Images.xcassets in Resources */,
				2BE0E18119BB9E9B00CC89E9 /* Main_iPhone.storyboard in Resources */,
				2BE0E17819BB9E9B00CC89E9 /* InfoPlist.strings in Resources */,
			);
			runOnlyForDeploymentPostprocessing = 0;
		};
		2BE0E18C19BB9E9B00CC89E9 /* Resources */ = {
			isa = PBXResourcesBuildPhase;
			buildActionMask = 2147483647;
			files = (
				2BE0E19A19BB9E9B00CC89E9 /* InfoPlist.strings in Resources */,
			);
			runOnlyForDeploymentPostprocessing = 0;
		};
/* End PBXResourcesBuildPhase section */

/* Begin PBXSourcesBuildPhase section */
		2BE0E16619BB9E9B00CC89E9 /* Sources */ = {
			isa = PBXSourcesBuildPhase;
			buildActionMask = 2147483647;
			files = (
				2BE0E18719BB9E9B00CC89E9 /* ViewController.m in Sources */,
				2BE0E17E19BB9E9B00CC89E9 /* AppDelegate.m in Sources */,
				2BE0E17A19BB9E9B00CC89E9 /* main.m in Sources */,
			);
			runOnlyForDeploymentPostprocessing = 0;
		};
		2BE0E18A19BB9E9B00CC89E9 /* Sources */ = {
			isa = PBXSourcesBuildPhase;
			buildActionMask = 2147483647;
			files = (
				2BE0E19C19BB9E9B00CC89E9 /* SpellthrowersTests.m in Sources */,
			);
			runOnlyForDeploymentPostprocessing = 0;
		};
/* End PBXSourcesBuildPhase section */

/* Begin PBXTargetDependency section */
		2BE0E19419BB9E9B00CC89E9 /* PBXTargetDependency */ = {
			isa = PBXTargetDependency;
			target = 2BE0E16919BB9E9B00CC89E9 /* Spellthrowers */;
			targetProxy = 2BE0E19319BB9E9B00CC89E9 /* PBXContainerItemProxy */;
		};
/* End PBXTargetDependency section */

/* Begin PBXVariantGroup section */
		2BE0E17619BB9E9B00CC89E9 /* InfoPlist.strings */ = {
			isa = PBXVariantGroup;
			children = (
				2BE0E17719BB9E9B00CC89E9 /* en */,
			);
			name = InfoPlist.strings;
			sourceTree = "<group>";
		};
		2BE0E17F19BB9E9B00CC89E9 /* Main_iPhone.storyboard */ = {
			isa = PBXVariantGroup;
			children = (
				2BE0E18019BB9E9B00CC89E9 /* Base */,
			);
			name = Main_iPhone.storyboard;
			sourceTree = "<group>";
		};
		2BE0E18219BB9E9B00CC89E9 /* Main_iPad.storyboard */ = {
			isa = PBXVariantGroup;
			children = (
				2BE0E18319BB9E9B00CC89E9 /* Base */,
			);
			name = Main_iPad.storyboard;
			sourceTree = "<group>";
		};
		2BE0E19819BB9E9B00CC89E9 /* InfoPlist.strings */ = {
			isa = PBXVariantGroup;
			children = (
				2BE0E19919BB9E9B00CC89E9 /* en */,
			);
			name = InfoPlist.strings;
			sourceTree = "<group>";
		};
/* End PBXVariantGroup section */

/* Begin XCBuildConfiguration section */
		2BE0E19D19BB9E9B00CC89E9 /* Debug */ = {
			isa = XCBuildConfiguration;
			buildSettings = {
				ALWAYS_SEARCH_USER_PATHS = NO;
				CLANG_CXX_LANGUAGE_STANDARD = "gnu++0x";
				CLANG_CXX_LIBRARY = "libc++";
				CLANG_ENABLE_MODULES = YES;
				CLANG_ENABLE_OBJC_ARC = YES;
				CLANG_WARN_BOOL_CONVERSION = YES;
				CLANG_WARN_CONSTANT_CONVERSION = YES;
				CLANG_WARN_DIRECT_OBJC_ISA_USAGE = YES_ERROR;
				CLANG_WARN_EMPTY_BODY = YES;
				CLANG_WARN_ENUM_CONVERSION = YES;
				CLANG_WARN_INT_CONVERSION = YES;
				CLANG_WARN_OBJC_ROOT_CLASS = YES_ERROR;
				CLANG_WARN__DUPLICATE_METHOD_MATCH = YES;
				"CODE_SIGN_IDENTITY[sdk=iphoneos*]" = "iPhone Developer";
				COPY_PHASE_STRIP = NO;
				GCC_C_LANGUAGE_STANDARD = gnu99;
				GCC_DYNAMIC_NO_PIC = NO;
				GCC_OPTIMIZATION_LEVEL = 0;
				GCC_PREPROCESSOR_DEFINITIONS = (
					"DEBUG=1",
					"$(inherited)",
				);
				GCC_SYMBOLS_PRIVATE_EXTERN = NO;
				GCC_WARN_64_TO_32_BIT_CONVERSION = YES;
				GCC_WARN_ABOUT_RETURN_TYPE = YES_ERROR;
				GCC_WARN_UNDECLARED_SELECTOR = YES;
				GCC_WARN_UNINITIALIZED_AUTOS = YES_AGGRESSIVE;
				GCC_WARN_UNUSED_FUNCTION = YES;
				GCC_WARN_UNUSED_VARIABLE = YES;
				IPHONEOS_DEPLOYMENT_TARGET = 7.1;
				ONLY_ACTIVE_ARCH = YES;
				SDKROOT = iphoneos;
				TARGETED_DEVICE_FAMILY = "1,2";
			};
			name = Debug;
		};
		2BE0E19E19BB9E9B00CC89E9 /* Release */ = {
			isa = XCBuildConfiguration;
			buildSettings = {
				ALWAYS_SEARCH_USER_PATHS = NO;
				CLANG_CXX_LANGUAGE_STANDARD = "gnu++0x";
				CLANG_CXX_LIBRARY = "libc++";
				CLANG_ENABLE_MODULES = YES;
				CLANG_ENABLE_OBJC_ARC = YES;
				CLANG_WARN_BOOL_CONVERSION = YES;
				CLANG_WARN_CONSTANT_CONVERSION = YES;
				CLANG_WARN_DIRECT_OBJC_ISA_USAGE = YES_ERROR;
				CLANG_WARN_EMPTY_BODY = YES;
				CLANG_WARN_ENUM_CONVERSION = YES;
				CLANG_WARN_INT_CONVERSION = YES;
				CLANG_WARN_OBJC_ROOT_CLASS = YES_ERROR;
				CLANG_WARN__DUPLICATE_METHOD_MATCH = YES;
				"CODE_SIGN_IDENTITY[sdk=iphoneos*]" = "iPhone Developer";
				COPY_PHASE_STRIP = YES;
				ENABLE_NS_ASSERTIONS = NO;
				GCC_C_LANGUAGE_STANDARD = gnu99;
				GCC_WARN_64_TO_32_BIT_CONVERSION = YES;
				GCC_WARN_ABOUT_RETURN_TYPE = YES_ERROR;
				GCC_WARN_UNDECLARED_SELECTOR = YES;
				GCC_WARN_UNINITIALIZED_AUTOS = YES_AGGRESSIVE;
				GCC_WARN_UNUSED_FUNCTION = YES;
				GCC_WARN_UNUSED_VARIABLE = YES;
				IPHONEOS_DEPLOYMENT_TARGET = 7.1;
				SDKROOT = iphoneos;
				TARGETED_DEVICE_FAMILY = "1,2";
				VALIDATE_PRODUCT = YES;
			};
			name = Release;
		};
		2BE0E1A019BB9E9B00CC89E9 /* Debug */ = {
			isa = XCBuildConfiguration;
			buildSettings = {
				ASSETCATALOG_COMPILER_APPICON_NAME = AppIcon;
				ASSETCATALOG_COMPILER_LAUNCHIMAGE_NAME = LaunchImage;
				GCC_PRECOMPILE_PREFIX_HEADER = YES;
				GCC_PREFIX_HEADER = "Spellthrowers/Spellthrowers-Prefix.pch";
				INFOPLIST_FILE = "Spellthrowers/Spellthrowers-Info.plist";
				PRODUCT_NAME = "$(TARGET_NAME)";
				WRAPPER_EXTENSION = app;
			};
			name = Debug;
		};
		2BE0E1A119BB9E9B00CC89E9 /* Release */ = {
			isa = XCBuildConfiguration;
			buildSettings = {
				ASSETCATALOG_COMPILER_APPICON_NAME = AppIcon;
				ASSETCATALOG_COMPILER_LAUNCHIMAGE_NAME = LaunchImage;
				GCC_PRECOMPILE_PREFIX_HEADER = YES;
				GCC_PREFIX_HEADER = "Spellthrowers/Spellthrowers-Prefix.pch";
				INFOPLIST_FILE = "Spellthrowers/Spellthrowers-Info.plist";
				PRODUCT_NAME = "$(TARGET_NAME)";
				WRAPPER_EXTENSION = app;
			};
			name = Release;
		};
		2BE0E1A319BB9E9B00CC89E9 /* Debug */ = {
			isa = XCBuildConfiguration;
			buildSettings = {
				BUNDLE_LOADER = "$(BUILT_PRODUCTS_DIR)/Spellthrowers.app/Spellthrowers";
				FRAMEWORK_SEARCH_PATHS = (
					"$(SDKROOT)/Developer/Library/Frameworks",
					"$(inherited)",
					"$(DEVELOPER_FRAMEWORKS_DIR)",
				);
				GCC_PRECOMPILE_PREFIX_HEADER = YES;
				GCC_PREFIX_HEADER = "Spellthrowers/Spellthrowers-Prefix.pch";
				GCC_PREPROCESSOR_DEFINITIONS = (
					"DEBUG=1",
					"$(inherited)",
				);
				INFOPLIST_FILE = "SpellthrowersTests/SpellthrowersTests-Info.plist";
				PRODUCT_NAME = "$(TARGET_NAME)";
				TEST_HOST = "$(BUNDLE_LOADER)";
				WRAPPER_EXTENSION = xctest;
			};
			name = Debug;
		};
		2BE0E1A419BB9E9B00CC89E9 /* Release */ = {
			isa = XCBuildConfiguration;
			buildSettings = {
				BUNDLE_LOADER = "$(BUILT_PRODUCTS_DIR)/Spellthrowers.app/Spellthrowers";
				FRAMEWORK_SEARCH_PATHS = (
					"$(SDKROOT)/Developer/Library/Frameworks",
					"$(inherited)",
					"$(DEVELOPER_FRAMEWORKS_DIR)",
				);
				GCC_PRECOMPILE_PREFIX_HEADER = YES;
				GCC_PREFIX_HEADER = "Spellthrowers/Spellthrowers-Prefix.pch";
				INFOPLIST_FILE = "SpellthrowersTests/SpellthrowersTests-Info.plist";
				PRODUCT_NAME = "$(TARGET_NAME)";
				TEST_HOST = "$(BUNDLE_LOADER)";
				WRAPPER_EXTENSION = xctest;
			};
			name = Release;
		};
/* End XCBuildConfiguration section */

/* Begin XCConfigurationList section */
		2BE0E16519BB9E9B00CC89E9 /* Build configuration list for PBXProject "Spellthrowers" */ = {
			isa = XCConfigurationList;
			buildConfigurations = (
				2BE0E19D19BB9E9B00CC89E9 /* Debug */,
				2BE0E19E19BB9E9B00CC89E9 /* Release */,
			);
			defaultConfigurationIsVisible = 0;
			defaultConfigurationName = Release;
		};
		2BE0E19F19BB9E9B00CC89E9 /* Build configuration list for PBXNativeTarget "Spellthrowers" */ = {
			isa = XCConfigurationList;
			buildConfigurations = (
				2BE0E1A019BB9E9B00CC89E9 /* Debug */,
				2BE0E1A119BB9E9B00CC89E9 /* Release */,
			);
			defaultConfigurationIsVisible = 0;
		};
		2BE0E1A219BB9E9B00CC89E9 /* Build configuration list for PBXNativeTarget "SpellthrowersTests" */ = {
			isa = XCConfigurationList;
			buildConfigurations = (
				2BE0E1A319BB9E9B00CC89E9 /* Debug */,
				2BE0E1A419BB9E9B00CC89E9 /* Release */,
			);
			defaultConfigurationIsVisible = 0;
		};
/* End XCConfigurationList section */
	};
	rootObject = 2BE0E16219BB9E9B00CC89E9 /* Project object */;
}
